
Microsoft Visual Studio Solution File, Format Version 12.00
# Visual Studio 15
VisualStudioVersion = 15.0.28307.1145
MinimumVisualStudioVersion = 10.0.40219.1
Project("{FAE04EC0-301F-11D3-BF4B-00C04F79EFBC}") = "Worker.UI", "Worker.UI\Worker.UI.csproj", "{3E797AB4-FB68-4B84-88AD-4B2E57440741}"
EndProject
Project("{FAE04EC0-301F-11D3-BF4B-00C04F79EFBC}") = "Worker.DATA", "Worker.DATA\Worker.DATA.csproj", "{ECB982CC-8BE7-421D-BAFB-450F68EFB621}"
EndProject
Project("{FAE04EC0-301F-11D3-BF4B-00C04F79EFBC}") = "Worker.BIZ", "Worker.BIZ\Worker.BIZ.csproj", "{14B759EA-225B-4F46-8112-086474A45413}"
EndProject
Global
	GlobalSection(SolutionConfigurationPlatforms) = preSolution
		Debug|Any CPU = Debug|Any CPU
		Release|Any CPU = Release|Any CPU
	EndGlobalSection
	GlobalSection(ProjectConfigurationPlatforms) = postSolution
		{3E797AB4-FB68-4B84-88AD-4B2E57440741}.Debug|Any CPU.ActiveCfg = Debug|Any CPU
		{3E797AB4-FB68-4B84-88AD-4B2E57440741}.Debug|Any CPU.Build.0 = Debug|Any CPU
		{3E797AB4-FB68-4B84-88AD-4B2E57440741}.Release|Any CPU.ActiveCfg = Release|Any CPU
		{3E797AB4-FB68-4B84-88AD-4B2E57440741}.Release|Any CPU.Build.0 = Release|Any CPU
		{ECB982CC-8BE7-421D-BAFB-450F68EFB621}.Debug|Any CPU.ActiveCfg = Debug|Any CPU
		{ECB982CC-8BE7-421D-BAFB-450F68EFB621}.Debug|Any CPU.Build.0 = Debug|Any CPU
		{ECB982CC-8BE7-421D-BAFB-450F68EFB621}.Release|Any CPU.ActiveCfg = Release|Any CPU
		{ECB982CC-8BE7-421D-BAFB-450F68EFB621}.Release|Any CPU.Build.0 = Release|Any CPU
		{14B759EA-225B-4F46-8112-086474A45413}.Debug|Any CPU.ActiveCfg = Debug|Any CPU
		{14B759EA-225B-4F46-8112-086474A45413}.Debug|Any CPU.Build.0 = Debug|Any CPU
		{14B759EA-225B-4F46-8112-086474A45413}.Release|Any CPU.ActiveCfg = Release|Any CPU
		{14B759EA-225B-4F46-8112-086474A45413}.Release|Any CPU.Build.0 = Release|Any CPU
	EndGlobalSection
	GlobalSection(SolutionProperties) = preSolution
		HideSolutionNode = FALSE
	EndGlobalSection
	GlobalSection(ExtensibilityGlobals) = postSolution
		SolutionGuid = {EDBE1FE4-FC0D-4EEA-BA26-D31F2A450831}
	EndGlobalSection
EndGlobal
